<?xml version="1.0" encoding="utf-8"?>
<Project ToolsVersion="4.0" xmlns="http://schemas.microsoft.com/developer/msbuild/2003">
  <ItemGroup>
    <Filter Include="Resource Files">
      <UniqueIdentifier>{67DA6AB6-F800-4c08-8B7A-83BB121AAD01}</UniqueIdentifier>
      <Extensions>rc;ico;cur;bmp;dlg;rc2;rct;bin;rgs;gif;jpg;jpeg;jpe;resx;tiff;tif;png;wav;mfcribbon-ms</Extensions>
    </Filter>
    <Filter Include="Image">
      <UniqueIdentifier>{7786baee-f8ea-43af-bab1-a1d1fc2abf9f}</UniqueIdentifier>
    </Filter>
    <Filter Include="Core">
      <UniqueIdentifier>{016328a9-6822-4d30-95c7-e11171657508}</UniqueIdentifier>
    </Filter>
    <Filter Include="Core\DataStructures">
      <UniqueIdentifier>{3135f4a0-52fc-4576-94df-31860dcc5a68}</UniqueIdentifier>
    </Filter>
    <Filter Include="Math">
      <UniqueIdentifier>{19c6290f-550b-41b1-8a1b-eb9fd6f32ed3}</UniqueIdentifier>
    </Filter>
  </ItemGroup>
  <ItemGroup>
    <ClCompile Include="Image\Image.cpp">
      <Filter>Image</Filter>
    </ClCompile>
    <ClCompile Include="Image\ImageAtlas.cpp">
      <Filter>Image</Filter>
    </ClCompile>
    <ClCompile Include="Core\Exceptions.cpp">
      <Filter>Core</Filter>
    </ClCompile>
    <ClCompile Include="Core\Logging.cpp">
      <Filter>Core</Filter>
    </ClCompile>
    <ClCompile Include="Core\Multithreading.cpp">
      <Filter>Core</Filter>
    </ClCompile>
    <ClCompile Include="Core\Profiling.cpp">
      <Filter>Core</Filter>
    </ClCompile>
    <ClCompile Include="Core\StringUtils.cpp">
      <Filter>Core</Filter>
    </ClCompile>
    <ClCompile Include="Core\Timer.cpp">
      <Filter>Core</Filter>
    </ClCompile>
    <ClCompile Include="Core\TimerMinimal.cpp">
      <Filter>Core</Filter>
    </ClCompile>
    <ClCompile Include="Core\Utilities.cpp">
      <Filter>Core</Filter>
    </ClCompile>
    <ClCompile Include="Core\DataStructures\Colourf.cpp">
      <Filter>Core\DataStructures</Filter>
    </ClCompile>
    <ClCompile Include="Core\DataStructures\ColourRamp.cpp">
      <Filter>Core\DataStructures</Filter>
    </ClCompile>
    <ClCompile Include="Core\DataStructures\Colouruc.cpp">
      <Filter>Core\DataStructures</Filter>
    </ClCompile>
    <ClCompile Include="Core\DataStructures\Dimensions.cpp">
      <Filter>Core\DataStructures</Filter>
    </ClCompile>
    <ClCompile Include="Math\AABB.cpp">
      <Filter>Math</Filter>
    </ClCompile>
    <ClCompile Include="Math\Frustum.cpp">
      <Filter>Math</Filter>
    </ClCompile>
    <ClCompile Include="Math\Line.cpp">
      <Filter>Math</Filter>
    </ClCompile>
    <ClCompile Include="Math\Matrix.cpp">
      <Filter>Math</Filter>
    </ClCompile>
    <ClCompile Include="Math\Plane.cpp">
      <Filter>Math</Filter>
    </ClCompile>
    <ClCompile Include="Math\Quaternion.cpp">
      <Filter>Math</Filter>
    </ClCompile>
    <ClCompile Include="Math\Ray.cpp">
      <Filter>Math</Filter>
    </ClCompile>
    <ClCompile Include="Math\Rect.cpp">
      <Filter>Math</Filter>
    </ClCompile>
    <ClCompile Include="Math\Triangle.cpp">
      <Filter>Math</Filter>
    </ClCompile>
    <ClCompile Include="Math\Vector2f.cpp">
      <Filter>Math</Filter>
    </ClCompile>
    <ClCompile Include="Math\Vector3f.cpp">
      <Filter>Math</Filter>
    </ClCompile>
    <ClCompile Include="Math\Vector4f.cpp">
      <Filter>Math</Filter>
    </ClCompile>
    <ClCompile Include="Globals.cpp" />
    <ClCompile Include="Image2Ico.cpp" />
  </ItemGroup>
  <ItemGroup>
    <ClInclude Include="Image\FastNoiseLite.h">
      <Filter>Image</Filter>
    </ClInclude>
    <ClInclude Include="Image\Image.h">
      <Filter>Image</Filter>
    </ClInclude>
    <ClInclude Include="Image\ImageAtlas.h">
      <Filter>Image</Filter>
    </ClInclude>
    <ClInclude Include="Image\stb_image.h">
      <Filter>Image</Filter>
    </ClInclude>
    <ClInclude Include="Image\stb_image_write.h">
      <Filter>Image</Filter>
    </ClInclude>
    <ClInclude Include="Core\Exceptions.h">
      <Filter>Core</Filter>
    </ClInclude>
    <ClInclude Include="Core\Logging.h">
      <Filter>Core</Filter>
    </ClInclude>
    <ClInclude Include="Core\Multithreading.h">
      <Filter>Core</Filter>
    </ClInclude>
    <ClInclude Include="Core\Profiling.h">
      <Filter>Core</Filter>
    </ClInclude>
    <ClInclude Include="Core\StringUtils.h">
      <Filter>Core</Filter>
    </ClInclude>
    <ClInclude Include="Core\TemplateManager.h">
      <Filter>Core</Filter>
    </ClInclude>
    <ClInclude Include="Core\Timer.h">
      <Filter>Core</Filter>
    </ClInclude>
    <ClInclude Include="Core\TimerMinimal.h">
      <Filter>Core</Filter>
    </ClInclude>
    <ClInclude Include="Core\Utilities.h">
      <Filter>Core</Filter>
    </ClInclude>
    <ClInclude Include="Core\DataStructures\Array.h">
      <Filter>Core\DataStructures</Filter>
    </ClInclude>
    <ClInclude Include="Core\DataStructures\Colourf.h">
      <Filter>Core\DataStructures</Filter>
    </ClInclude>
    <ClInclude Include="Core\DataStructures\ColourRamp.h">
      <Filter>Core\DataStructures</Filter>
    </ClInclude>
    <ClInclude Include="Core\DataStructures\Colouruc.h">
      <Filter>Core\DataStructures</Filter>
    </ClInclude>
    <ClInclude Include="Core\DataStructures\Dimensions.h">
      <Filter>Core\DataStructures</Filter>
    </ClInclude>
    <ClInclude Include="Core\DataStructures\Singleton.h">
      <Filter>Core\DataStructures</Filter>
    </ClInclude>
    <ClInclude Include="Math\AABB.h">
      <Filter>Math</Filter>
    </ClInclude>
    <ClInclude Include="Math\Frustum.h">
      <Filter>Math</Filter>
    </ClInclude>
    <ClInclude Include="Math\Line.h">
      <Filter>Math</Filter>
    </ClInclude>
    <ClInclude Include="Math\Matrix.h">
      <Filter>Math</Filter>
    </ClInclude>
    <ClInclude Include="Math\Plane.h">
      <Filter>Math</Filter>
    </ClInclude>
    <ClInclude Include="Math\Quaternion.h">
      <Filter>Math</Filter>
    </ClInclude>
    <ClInclude Include="Math\Ray.h">
      <Filter>Math</Filter>
    </ClInclude>
    <ClInclude Include="Math\Rect.h">
      <Filter>Math</Filter>
    </ClInclude>
    <ClInclude Include="Math\Triangle.h">
      <Filter>Math</Filter>
    </ClInclude>
    <ClInclude Include="Math\Vector2f.h">
      <Filter>Math</Filter>
    </ClInclude>
    <ClInclude Include="Math\Vector3f.h">
      <Filter>Math</Filter>
    </ClInclude>
    <ClInclude Include="Math\Vector4f.h">
      <Filter>Math</Filter>
    </ClInclude>
    <ClInclude Include="Globals.h" />
    <ClInclude Include="Image\stb_image_resize2.h">
      <Filter>Image</Filter>
    </ClInclude>
  </ItemGroup>
</Project>